// !$*UTF8*$!
{
	archiveVersion = 1;
	classes = {
	};
	objectVersion = 46;
	objects = {

/* Begin PBXBuildFile section */
		3787F9FF1BBDD6EE005D10C1 /* AppDelegate.swift in Sources */ = {isa = PBXBuildFile; fileRef = 3787F9FE1BBDD6EE005D10C1 /* AppDelegate.swift */; };
		3787FA011BBDD6EE005D10C1 /* ViewController.swift in Sources */ = {isa = PBXBuildFile; fileRef = 3787FA001BBDD6EE005D10C1 /* ViewController.swift */; };
		3787FA041BBDD6EE005D10C1 /* Main.storyboard in Resources */ = {isa = PBXBuildFile; fileRef = 3787FA021BBDD6EE005D10C1 /* Main.storyboard */; };
		3787FA061BBDD6EE005D10C1 /* Assets.xcassets in Resources */ = {isa = PBXBuildFile; fileRef = 3787FA051BBDD6EE005D10C1 /* Assets.xcassets */; };
		3787FA091BBDD6EE005D10C1 /* LaunchScreen.storyboard in Resources */ = {isa = PBXBuildFile; fileRef = 3787FA071BBDD6EE005D10C1 /* LaunchScreen.storyboard */; };
		3787FA111BBDD7C4005D10C1 /* EmbedTableViewController.swift in Sources */ = {isa = PBXBuildFile; fileRef = 3787FA101BBDD7C4005D10C1 /* EmbedTableViewController.swift */; };
/* End PBXBuildFile section */

/* Begin PBXFileReference section */
		3787F9FB1BBDD6EE005D10C1 /* EmbededCommunication.app */ = {isa = PBXFileReference; explicitFileType = wrapper.application; includeInIndex = 0; path = EmbededCommunication.app; sourceTree = BUILT_PRODUCTS_DIR; };
		3787F9FE1BBDD6EE005D10C1 /* AppDelegate.swift */ = {isa = PBXFileReference; lastKnownFileType = sourcecode.swift; path = AppDelegate.swift; sourceTree = "<group>"; };
		3787FA001BBDD6EE005D10C1 /* ViewController.swift */ = {isa = PBXFileReference; lastKnownFileType = sourcecode.swift; path = ViewController.swift; sourceTree = "<group>"; };
		3787FA031BBDD6EE005D10C1 /* Base */ = {isa = PBXFileReference; lastKnownFileType = file.storyboard; name = Base; path = Base.lproj/Main.storyboard; sourceTree = "<group>"; };
		3787FA051BBDD6EE005D10C1 /* Assets.xcassets */ = {isa = PBXFileReference; lastKnownFileType = folder.assetcatalog; path = Assets.xcassets; sourceTree = "<group>"; };
		3787FA081BBDD6EE005D10C1 /* Base */ = {isa = PBXFileReference; lastKnownFileType = file.storyboard; name = Base; path = Base.lproj/LaunchScreen.storyboard; sourceTree = "<group>"; };
		3787FA0A1BBDD6EE005D10C1 /* Info.plist */ = {isa = PBXFileReference; lastKnownFileType = text.plist.xml; path = Info.plist; sourceTree = "<group>"; };
		3787FA101BBDD7C4005D10C1 /* EmbedTableViewController.swift */ = {isa = PBXFileReference; fileEncoding = 4; lastKnownFileType = sourcecode.swift; path = EmbedTableViewController.swift; sourceTree = "<group>"; };
/* End PBXFileReference section */

/* Begin PBXFrameworksBuildPhase section */
		3787F9F81BBDD6EE005D10C1 /* Frameworks */ = {
			isa = PBXFrameworksBuildPhase;
			buildActionMask = 2147483647;
			files = (
			);
			runOnlyForDeploymentPostprocessing = 0;
		};
/* End PBXFrameworksBuildPhase section */

/* Begin PBXGroup section */
		3787F9F21BBDD6EE005D10C1 = {
			isa = PBXGroup;
			children = (
				3787F9FD1BBDD6EE005D10C1 /* EmbededCommunication */,
				3787F9FC1BBDD6EE005D10C1 /* Products */,
			);
			sourceTree = "<group>";
		};
		3787F9FC1BBDD6EE005D10C1 /* Products */ = {
			isa = PBXGroup;
			children = (
				3787F9FB1BBDD6EE005D10C1 /* EmbededCommunication.app */,
			);
			name = Products;
			sourceTree = "<group>";
		};
		3787F9FD1BBDD6EE005D10C1 /* EmbededCommunication */ = {
			isa = PBXGroup;
			children = (
				3787F9FE1BBDD6EE005D10C1 /* AppDelegate.swift */,
				3787FA101BBDD7C4005D10C1 /* EmbedTableViewController.swift */,
				3787FA001BBDD6EE005D10C1 /* ViewController.swift */,
				3787FA021BBDD6EE005D10C1 /* Main.storyboard */,
				3787FA051BBDD6EE005D10C1 /* Assets.xcassets */,
				3787FA071BBDD6EE005D10C1 /* LaunchScreen.storyboard */,
				3787FA0A1BBDD6EE005D10C1 /* Info.plist */,
			);
			path = EmbededCommunication;
			sourceTree = "<group>";
		};
/* End PBXGroup section */

/* Begin PBXNativeTarget section */
		3787F9FA1BBDD6EE005D10C1 /* EmbededCommunication */ = {
			isa = PBXNativeTarget;
			buildConfigurationList = 3787FA0D1BBDD6EE005D10C1 /* Build configuration list for PBXNativeTarget "EmbededCommunication" */;
			buildPhases = (
				3787F9F71BBDD6EE005D10C1 /* Sources */,
				3787F9F81BBDD6EE005D10C1 /* Frameworks */,
				3787F9F91BBDD6EE005D10C1 /* Resources */,
			);
			buildRules = (
			);
			dependencies = (
			);
			name = EmbededCommunication;
			productName = EmbededCommunication;
			productReference = 3787F9FB1BBDD6EE005D10C1 /* EmbededCommunication.app */;
			productType = "com.apple.product-type.application";
		};
/* End PBXNativeTarget section */

/* Begin PBXProject section */
		3787F9F31BBDD6EE005D10C1 /* Project object */ = {
			isa = PBXProject;
			attributes = {
				LastSwiftUpdateCheck = 0710;
				LastUpgradeCheck = 0700;
				ORGANIZATIONNAME = "Dan Beaulieu";
				TargetAttributes = {
					3787F9FA1BBDD6EE005D10C1 = {
						CreatedOnToolsVersion = 7.0.1;
						LastSwiftMigration = 0830;
					};
				};
			};
			buildConfigurationList = 3787F9F61BBDD6EE005D10C1 /* Build configuration list for PBXProject "EmbededCommunication" */;
			compatibilityVersion = "Xcode 3.2";
			developmentRegion = English;
			hasScannedForEncodings = 0;
			knownRegions = (
				en,
				Base,
			);
			mainGroup = 3787F9F21BBDD6EE005D10C1;
			productRefGroup = 3787F9FC1BBDD6EE005D10C1 /* Products */;
			projectDirPath = "";
			projectRoot = "";
			targets = (
				3787F9FA1BBDD6EE005D10C1 /* EmbededCommunication */,
			);
		};
/* End PBXProject section */

/* Begin PBXResourcesBuildPhase section */
		3787F9F91BBDD6EE005D10C1 /* Resources */ = {
			isa = PBXResourcesBuildPhase;
			buildActionMask = 2147483647;
			files = (
				3787FA091BBDD6EE005D10C1 /* LaunchScreen.storyboard in Resources */,
				3787FA061BBDD6EE005D10C1 /* Assets.xcassets in Resources */,
				3787FA041BBDD6EE005D10C1 /* Main.storyboard in Resources */,
			);
			runOnlyForDeploymentPostprocessing = 0;
		};
/* End PBXResourcesBuildPhase section */

/* Begin PBXSourcesBuildPhase section */
		3787F9F71BBDD6EE005D10C1 /* Sources */ = {
			isa = PBXSourcesBuildPhase;
			buildActionMask = 2147483647;
			files = (
				3787FA111BBDD7C4005D10C1 /* EmbedTableViewController.swift in Sources */,
				3787FA011BBDD6EE005D10C1 /* ViewController.swift in Sources */,
				3787F9FF1BBDD6EE005D10C1 /* AppDelegate.swift in Sources */,
			);
			runOnlyForDeploymentPostprocessing = 0;
		};
/* End PBXSourcesBuildPhase section */

/* Begin PBXVariantGroup section */
		3787FA021BBDD6EE005D10C1 /* Main.storyboard */ = {
			isa = PBXVariantGroup;
			children = (
				3787FA031BBDD6EE005D10C1 /* Base */,
			);
			name = Main.storyboard;
			sourceTree = "<group>";
		};
		3787FA071BBDD6EE005D10C1 /* LaunchScreen.storyboard */ = {
			isa = PBXVariantGroup;
			children = (
				3787FA081BBDD6EE005D10C1 /* Base */,
			);
			name = LaunchScreen.storyboard;
			sourceTree = "<group>";
		};
/* End PBXVariantGroup section */

/* Begin XCBuildConfiguration section */
		3787FA0B1BBDD6EE005D10C1 /* Debug */ = {
			isa = XCBuildConfiguration;
			buildSettings = {
				ALWAYS_SEARCH_USER_PATHS = NO;
				CLANG_CXX_LANGUAGE_STANDARD = "gnu++0x";
				CLANG_CXX_LIBRARY = "libc++";
				CLANG_ENABLE_MODULES = YES;
				CLANG_ENABLE_OBJC_ARC = YES;
				CLANG_WARN_BOOL_CONVERSION = YES;
				CLANG_WARN_CONSTANT_CONVERSION = YES;
				CLANG_WARN_DIRECT_OBJC_ISA_USAGE = YES_ERROR;
				CLANG_WARN_EMPTY_BODY = YES;
				CLANG_WARN_ENUM_CONVERSION = YES;
				CLANG_WARN_INT_CONVERSION = YES;
				CLANG_WARN_OBJC_ROOT_CLASS = YES_ERROR;
				CLANG_WARN_UNREACHABLE_CODE = YES;
				CLANG_WARN__DUPLICATE_METHOD_MATCH = YES;
				"CODE_SIGN_IDENTITY[sdk=iphoneos*]" = "iPhone Developer";
				COPY_PHASE_STRIP = NO;
				DEBUG_INFORMATION_FORMAT = dwarf;
				ENABLE_STRICT_OBJC_MSGSEND = YES;
				ENABLE_TESTABILITY = YES;
				GCC_C_LANGUAGE_STANDARD = gnu99;
				GCC_DYNAMIC_NO_PIC = NO;
				GCC_NO_COMMON_BLOCKS = YES;
				GCC_OPTIMIZATION_LEVEL = 0;
				GCC_PREPROCESSOR_DEFINITIONS = (
					"DEBUG=1",
					"$(inherited)",
				);
				GCC_WARN_64_TO_32_BIT_CONVERSION = YES;
				GCC_WARN_ABOUT_RETURN_TYPE = YES_ERROR;
				GCC_WARN_UNDECLARED_SELECTOR = YES;
				GCC_WARN_UNINITIALIZED_AUTOS = YES_AGGRESSIVE;
				GCC_WARN_UNUSED_FUNCTION = YES;
				GCC_WARN_UNUSED_VARIABLE = YES;
				IPHONEOS_DEPLOYMENT_TARGET = 9.0;
				MTL_ENABLE_DEBUG_INFO = YES;
				ONLY_ACTIVE_ARCH = YES;
				SDKROOT = iphoneos;
				SWIFT_OPTIMIZATION_LEVEL = "-Onone";
			};
			name = Debug;
		};
		3787FA0C1BBDD6EE005D10C1 /* Release */ = {
			isa = XCBuildConfiguration;
			buildSettings = {
				ALWAYS_SEARCH_USER_PATHS = NO;
				CLANG_CXX_LANGUAGE_STANDARD = "gnu++0x";
				CLANG_CXX_LIBRARY = "libc++";
				CLANG_ENABLE_MODULES = YES;
				CLANG_ENABLE_OBJC_ARC = YES;
				CLANG_WARN_BOOL_CONVERSION = YES;
				CLANG_WARN_CONSTANT_CONVERSION = YES;
				CLANG_WARN_DIRECT_OBJC_ISA_USAGE = YES_ERROR;
				CLANG_WARN_EMPTY_BODY = YES;
				CLANG_WARN_ENUM_CONVERSION = YES;
				CLANG_WARN_INT_CONVERSION = YES;
				CLANG_WARN_OBJC_ROOT_CLASS = YES_ERROR;
				CLANG_WARN_UNREACHABLE_CODE = YES;
				CLANG_WARN__DUPLICATE_METHOD_MATCH = YES;
				"CODE_SIGN_IDENTITY[sdk=iphoneos*]" = "iPhone Developer";
				COPY_PHASE_STRIP = NO;
				DEBUG_INFORMATION_FORMAT = "dwarf-with-dsym";
				ENABLE_NS_ASSERTIONS = NO;
				ENABLE_STRICT_OBJC_MSGSEND = YES;
				GCC_C_LANGUAGE_STANDARD = gnu99;
				GCC_NO_COMMON_BLOCKS = YES;
				GCC_WARN_64_TO_32_BIT_CONVERSION = YES;
				GCC_WARN_ABOUT_RETURN_TYPE = YES_ERROR;
				GCC_WARN_UNDECLARED_SELECTOR = YES;
				GCC_WARN_UNINITIALIZED_AUTOS = YES_AGGRESSIVE;
				GCC_WARN_UNUSED_FUNCTION = YES;
				GCC_WARN_UNUSED_VARIABLE = YES;
				IPHONEOS_DEPLOYMENT_TARGET = 9.0;
				MTL_ENABLE_DEBUG_INFO = NO;
				SDKROOT = iphoneos;
				VALIDATE_PRODUCT = YES;
			};
			name = Release;
		};
		3787FA0E1BBDD6EE005D10C1 /* Debug */ = {
			isa = XCBuildConfiguration;
			buildSettings = {
				ASSETCATALOG_COMPILER_APPICON_NAME = AppIcon;
				INFOPLIST_FILE = EmbededCommunication/Info.plist;
				LD_RUNPATH_SEARCH_PATHS = "$(inherited) @executable_path/Frameworks";
				PRODUCT_BUNDLE_IDENTIFIER = com.codebeaulieu.EmbededCommunication;
				PRODUCT_NAME = "$(TARGET_NAME)";
				SWIFT_VERSION = 3.0;
			};
			name = Debug;
		};
		3787FA0F1BBDD6EE005D10C1 /* Release */ = {
			isa = XCBuildConfiguration;
			buildSettings = {
				ASSETCATALOG_COMPILER_APPICON_NAME = AppIcon;
				INFOPLIST_FILE = EmbededCommunication/Info.plist;
				LD_RUNPATH_SEARCH_PATHS = "$(inherited) @executable_path/Frameworks";
				PRODUCT_BUNDLE_IDENTIFIER = com.codebeaulieu.EmbededCommunication;
				PRODUCT_NAME = "$(TARGET_NAME)";
				SWIFT_VERSION = 3.0;
			};
			name = Release;
		};
/* End XCBuildConfiguration section */

/* Begin XCConfigurationList section */
		3787F9F61BBDD6EE005D10C1 /* Build configuration list for PBXProject "EmbededCommunication" */ = {
			isa = XCConfigurationList;
			buildConfigurations = (
				3787FA0B1BBDD6EE005D10C1 /* Debug */,
				3787FA0C1BBDD6EE005D10C1 /* Release */,
			);
			defaultConfigurationIsVisible = 0;
			defaultConfigurationName = Release;
		};
		3787FA0D1BBDD6EE005D10C1 /* Build configuration list for PBXNativeTarget "EmbededCommunication" */ = {
			isa = XCConfigurationList;
			buildConfigurations = (
				3787FA0E1BBDD6EE005D10C1 /* Debug */,
				3787FA0F1BBDD6EE005D10C1 /* Release */,
			);
			defaultConfigurationIsVisible = 0;
			defaultConfigurationName = Release;
		};
/* End XCConfigurationList section */
	};
	rootObject = 3787F9F31BBDD6EE005D10C1 /* Project object */;
}
